
Microsoft Visual Studio Solution File, Format Version 12.00
# Visual Studio 2012
Project("{FAE04EC0-301F-11D3-BF4B-00C04F79EFBC}") = "InterviewCodeReview", "InterviewCodeReview\InterviewCodeReview.csproj", "{0C0FAA87-57AF-4EEB-B8A5-35CF57F252BA}"
EndProject
Project("{FAE04EC0-301F-11D3-BF4B-00C04F79EFBC}") = "UnitTestLogMessage", "UnitTestLogMessage\UnitTestLogMessage.csproj", "{996F9066-D1DC-4B3E-B3A0-5A59D95530CE}"
EndProject
Global
	GlobalSection(SolutionConfigurationPlatforms) = preSolution
		Debug|Any CPU = Debug|Any CPU
		Release|Any CPU = Release|Any CPU
	EndGlobalSection
	GlobalSection(ProjectConfigurationPlatforms) = postSolution
		{0C0FAA87-57AF-4EEB-B8A5-35CF57F252BA}.Debug|Any CPU.ActiveCfg = Debug|Any CPU
		{0C0FAA87-57AF-4EEB-B8A5-35CF57F252BA}.Debug|Any CPU.Build.0 = Debug|Any CPU
		{0C0FAA87-57AF-4EEB-B8A5-35CF57F252BA}.Release|Any CPU.ActiveCfg = Release|Any CPU
		{0C0FAA87-57AF-4EEB-B8A5-35CF57F252BA}.Release|Any CPU.Build.0 = Release|Any CPU
		{996F9066-D1DC-4B3E-B3A0-5A59D95530CE}.Debug|Any CPU.ActiveCfg = Debug|Any CPU
		{996F9066-D1DC-4B3E-B3A0-5A59D95530CE}.Debug|Any CPU.Build.0 = Debug|Any CPU
		{996F9066-D1DC-4B3E-B3A0-5A59D95530CE}.Release|Any CPU.ActiveCfg = Release|Any CPU
		{996F9066-D1DC-4B3E-B3A0-5A59D95530CE}.Release|Any CPU.Build.0 = Release|Any CPU
	EndGlobalSection
	GlobalSection(SolutionProperties) = preSolution
		HideSolutionNode = FALSE
	EndGlobalSection
EndGlobal
